PODS:
  - LookinServer (1.0.6)
  - LoveUIKit (0.0.5):
    - SnapKit (~> 5.0.1)
  - PrettyPopover (0.1.0):
    - SnapKit (= 5.0.1)
    - Then (= 3.0.0)
  - SnapKit (5.0.1)
  - Then (3.0.0)

DEPENDENCIES:
  - LookinServer (= 1.0.6)
  - LoveUIKit (= 0.0.5)
  - PrettyPopover (from `../`)

SPEC REPOS:
  https://github.com/CocoaPods/Specs.git:
    - LookinServer
    - LoveUIKit
    - SnapKit
    - Then

EXTERNAL SOURCES:
  PrettyPopover:
    :path: "../"

SPEC CHECKSUMS:
  LookinServer: 18155b1e4a08213c236a1dd6b7ca52328a70a1e3
  LoveUIKit: 9d407b177c83e23bb2893819e282c59a89d053d6
  PrettyPopover: 441a30da6d0313d3f572962fd3228161f015ad09
  SnapKit: 97b92857e3df3a0c71833cce143274bf6ef8e5eb
  Then: 844265ae87834bbe1147d91d5d41a404da2ec27d

PODFILE CHECKSUM: 86f3aa2d6fda436aca8b2cf784131fafcdd8b715

COCOAPODS: 1.10.1
